
Microsoft Visual Studio Solution File, Format Version 12.00
# Visual Studio 2013
VisualStudioVersion = 12.0.31101.0
MinimumVisualStudioVersion = 10.0.40219.1
Project("{FAE04EC0-301F-11D3-BF4B-00C04F79EFBC}") = "TTT.UI", "TTT.UI\TTT.UI.csproj", "{8BA069E2-585A-4025-BE79-A57D5ECADB19}"
EndProject
Project("{FAE04EC0-301F-11D3-BF4B-00C04F79EFBC}") = "TTT.Services", "TTT.Services\TTT.Services.csproj", "{92206818-72A7-4450-9BFA-2A0927E64DFE}"
EndProject
Project("{FAE04EC0-301F-11D3-BF4B-00C04F79EFBC}") = "TTT.Core", "TTT.Core\TTT.Core.csproj", "{E6D5108D-FD33-43BE-A1F6-3215D1DA1DBC}"
EndProject
Global
	GlobalSection(SolutionConfigurationPlatforms) = preSolution
		Debug|Any CPU = Debug|Any CPU
		Release|Any CPU = Release|Any CPU
	EndGlobalSection
	GlobalSection(ProjectConfigurationPlatforms) = postSolution
		{8BA069E2-585A-4025-BE79-A57D5ECADB19}.Debug|Any CPU.ActiveCfg = Debug|Any CPU
		{8BA069E2-585A-4025-BE79-A57D5ECADB19}.Debug|Any CPU.Build.0 = Debug|Any CPU
		{8BA069E2-585A-4025-BE79-A57D5ECADB19}.Release|Any CPU.ActiveCfg = Release|Any CPU
		{8BA069E2-585A-4025-BE79-A57D5ECADB19}.Release|Any CPU.Build.0 = Release|Any CPU
		{92206818-72A7-4450-9BFA-2A0927E64DFE}.Debug|Any CPU.ActiveCfg = Debug|Any CPU
		{92206818-72A7-4450-9BFA-2A0927E64DFE}.Debug|Any CPU.Build.0 = Debug|Any CPU
		{92206818-72A7-4450-9BFA-2A0927E64DFE}.Release|Any CPU.ActiveCfg = Release|Any CPU
		{92206818-72A7-4450-9BFA-2A0927E64DFE}.Release|Any CPU.Build.0 = Release|Any CPU
		{E6D5108D-FD33-43BE-A1F6-3215D1DA1DBC}.Debug|Any CPU.ActiveCfg = Debug|Any CPU
		{E6D5108D-FD33-43BE-A1F6-3215D1DA1DBC}.Debug|Any CPU.Build.0 = Debug|Any CPU
		{E6D5108D-FD33-43BE-A1F6-3215D1DA1DBC}.Release|Any CPU.ActiveCfg = Release|Any CPU
		{E6D5108D-FD33-43BE-A1F6-3215D1DA1DBC}.Release|Any CPU.Build.0 = Release|Any CPU
	EndGlobalSection
	GlobalSection(SolutionProperties) = preSolution
		HideSolutionNode = FALSE
	EndGlobalSection
EndGlobal
